
Microsoft Visual Studio Solution File, Format Version 12.00
# Visual Studio 15
VisualStudioVersion = 15.0.28307.329
MinimumVisualStudioVersion = 10.0.40219.1
Project("{FAE04EC0-301F-11D3-BF4B-00C04F79EFBC}") = "TestEmail", "TestEmail\TestEmail.csproj", "{48FF29C5-BDFE-4D3D-94DD-5D68EE0D4C79}"
EndProject
Global
	GlobalSection(SolutionConfigurationPlatforms) = preSolution
		Debug|Any CPU = Debug|Any CPU
		Release|Any CPU = Release|Any CPU
	EndGlobalSection
	GlobalSection(ProjectConfigurationPlatforms) = postSolution
		{48FF29C5-BDFE-4D3D-94DD-5D68EE0D4C79}.Debug|Any CPU.ActiveCfg = Debug|Any CPU
		{48FF29C5-BDFE-4D3D-94DD-5D68EE0D4C79}.Debug|Any CPU.Build.0 = Debug|Any CPU
		{48FF29C5-BDFE-4D3D-94DD-5D68EE0D4C79}.Release|Any CPU.ActiveCfg = Release|Any CPU
		{48FF29C5-BDFE-4D3D-94DD-5D68EE0D4C79}.Release|Any CPU.Build.0 = Release|Any CPU
	EndGlobalSection
	GlobalSection(SolutionProperties) = preSolution
		HideSolutionNode = FALSE
	EndGlobalSection
	GlobalSection(ExtensibilityGlobals) = postSolution
		SolutionGuid = {6A2A9DD4-EBD6-4541-BA7E-D31FD24AC22B}
	EndGlobalSection
EndGlobal
